
Microsoft Visual Studio Solution File, Format Version 12.00
# Visual Studio Version 17
VisualStudioVersion = 17.8.34511.84
MinimumVisualStudioVersion = 10.0.40219.1
Project("{9A19103F-16F7-4668-BE54-9A1E7A4F7556}") = "API", "API\API.csproj", "{13982E08-1BE6-4CF1-BEAE-AB162532CD29}"
EndProject
Global
	GlobalSection(SolutionConfigurationPlatforms) = preSolution
		Debug|Any CPU = Debug|Any CPU
		Release|Any CPU = Release|Any CPU
	EndGlobalSection
	GlobalSection(ProjectConfigurationPlatforms) = postSolution
		{13982E08-1BE6-4CF1-BEAE-AB162532CD29}.Debug|Any CPU.ActiveCfg = Debug|Any CPU
		{13982E08-1BE6-4CF1-BEAE-AB162532CD29}.Debug|Any CPU.Build.0 = Debug|Any CPU
		{13982E08-1BE6-4CF1-BEAE-AB162532CD29}.Release|Any CPU.ActiveCfg = Release|Any CPU
		{13982E08-1BE6-4CF1-BEAE-AB162532CD29}.Release|Any CPU.Build.0 = Release|Any CPU
	EndGlobalSection
	GlobalSection(SolutionProperties) = preSolution
		HideSolutionNode = FALSE
	EndGlobalSection
	GlobalSection(ExtensibilityGlobals) = postSolution
		SolutionGuid = {F233E7A6-EC7D-417D-A351-AF7C9EC02E9C}
	EndGlobalSection
EndGlobal
